// !$*UTF8*$!
{
	archiveVersion = 1;
	classes = {
	};
	objectVersion = 46;
	objects = {

/* Begin PBXBuildFile section */
		55265219812128DDA9062038 /* Pods_TaskList_iOSTests.framework in Frameworks */ = {isa = PBXBuildFile; fileRef = 0144A3BA5943C2E4C923C136 /* Pods_TaskList_iOSTests.framework */; };
		C8C510CE1D293FFA00533EEC /* AppConfiguration.swift in Sources */ = {isa = PBXBuildFile; fileRef = C8C510CD1D293FFA00533EEC /* AppConfiguration.swift */; };
		C8C510D41D294A7500533EEC /* TaskDetailViewController.swift in Sources */ = {isa = PBXBuildFile; fileRef = C8C510D31D294A7500533EEC /* TaskDetailViewController.swift */; };
		C8C510D61D294FD100533EEC /* CreateTask.swift in Sources */ = {isa = PBXBuildFile; fileRef = C8C510D51D294FD100533EEC /* CreateTask.swift */; };
		C8C510D81D29569C00533EEC /* CreateTaskService.swift in Sources */ = {isa = PBXBuildFile; fileRef = C8C510D71D29569C00533EEC /* CreateTaskService.swift */; };
		C8C510DA1D2A9E2900533EEC /* CreateTaskAPIClient.swift in Sources */ = {isa = PBXBuildFile; fileRef = C8C510D91D2A9E2900533EEC /* CreateTaskAPIClient.swift */; };
		C8C510DC1D2A9F1D00533EEC /* APIClientError.swift in Sources */ = {isa = PBXBuildFile; fileRef = C8C510DB1D2A9F1D00533EEC /* APIClientError.swift */; };
		C8C510DE1D2AACCC00533EEC /* ApplicationError.swift in Sources */ = {isa = PBXBuildFile; fileRef = C8C510DD1D2AACCC00533EEC /* ApplicationError.swift */; };
		C8C510E01D2AB03300533EEC /* DateFormatter.swift in Sources */ = {isa = PBXBuildFile; fileRef = C8C510DF1D2AB03300533EEC /* DateFormatter.swift */; };
		C8C510E21D2BFF0E00533EEC /* CreateTaskAPIClientSpec.swift in Sources */ = {isa = PBXBuildFile; fileRef = C8C510E11D2BFF0E00533EEC /* CreateTaskAPIClientSpec.swift */; };
		C8C510E41D30C01900533EEC /* CreateTaskSpec.swift in Sources */ = {isa = PBXBuildFile; fileRef = C8C510E31D30C01900533EEC /* CreateTaskSpec.swift */; };
		C8C510EC1D32371C00533EEC /* CompleteTaskService.swift in Sources */ = {isa = PBXBuildFile; fileRef = C8C510EB1D32371C00533EEC /* CompleteTaskService.swift */; };
		C8C510EE1D323E4B00533EEC /* CompleteTaskAPIClient.swift in Sources */ = {isa = PBXBuildFile; fileRef = C8C510ED1D323E4B00533EEC /* CompleteTaskAPIClient.swift */; };
		C8C510F01D32404500533EEC /* RestTemplate.swift in Sources */ = {isa = PBXBuildFile; fileRef = C8C510EF1D32404500533EEC /* RestTemplate.swift */; };
		C8C510F21D3249D900533EEC /* CompleteTaskAPIClientSpec.swift in Sources */ = {isa = PBXBuildFile; fileRef = C8C510F11D3249D900533EEC /* CompleteTaskAPIClientSpec.swift */; };
		C8C510F41D32608C00533EEC /* CompleteTaskSpec.swift in Sources */ = {isa = PBXBuildFile; fileRef = C8C510F31D32608C00533EEC /* CompleteTaskSpec.swift */; };
		C8E2DBA11D1D76C00003384D /* AppDelegate.swift in Sources */ = {isa = PBXBuildFile; fileRef = C8E2DBA01D1D76C00003384D /* AppDelegate.swift */; };
		C8E2DBA61D1D76C00003384D /* Main.storyboard in Resources */ = {isa = PBXBuildFile; fileRef = C8E2DBA41D1D76C00003384D /* Main.storyboard */; };
		C8E2DBA81D1D76C00003384D /* Assets.xcassets in Resources */ = {isa = PBXBuildFile; fileRef = C8E2DBA71D1D76C00003384D /* Assets.xcassets */; };
		C8E2DBAB1D1D76C00003384D /* LaunchScreen.storyboard in Resources */ = {isa = PBXBuildFile; fileRef = C8E2DBA91D1D76C00003384D /* LaunchScreen.storyboard */; };
		C8E2DBD01D1D882B0003384D /* TaskListViewController.swift in Sources */ = {isa = PBXBuildFile; fileRef = C8E2DBCF1D1D882B0003384D /* TaskListViewController.swift */; };
		C8E2DBD31D1D89470003384D /* FetchTaskListService.swift in Sources */ = {isa = PBXBuildFile; fileRef = C8E2DBD21D1D89470003384D /* FetchTaskListService.swift */; };
		C8E2DBD61D1D89C50003384D /* Task.swift in Sources */ = {isa = PBXBuildFile; fileRef = C8E2DBD51D1D89C50003384D /* Task.swift */; };
		C8E2DBD91D1D937A0003384D /* FetchTaskListAPIClient.swift in Sources */ = {isa = PBXBuildFile; fileRef = C8E2DBD81D1D937A0003384D /* FetchTaskListAPIClient.swift */; };
		C8E2DBDC1D1E52F00003384D /* FetchTaskListSpec.swift in Sources */ = {isa = PBXBuildFile; fileRef = C8E2DBDB1D1E52F00003384D /* FetchTaskListSpec.swift */; };
		C8E2DBDF1D1E743D0003384D /* FetchTaskListAPIClientSpec.swift in Sources */ = {isa = PBXBuildFile; fileRef = C8E2DBDE1D1E743D0003384D /* FetchTaskListAPIClientSpec.swift */; };
		D5B7901715F41F2BE2F2E16C /* Pods_TaskList_iOS.framework in Frameworks */ = {isa = PBXBuildFile; fileRef = F80E5B0E1FD684574D225914 /* Pods_TaskList_iOS.framework */; };
/* End PBXBuildFile section */

/* Begin PBXContainerItemProxy section */
		C8E2DBB21D1D76C00003384D /* PBXContainerItemProxy */ = {
			isa = PBXContainerItemProxy;
			containerPortal = C8E2DB951D1D76C00003384D /* Project object */;
			proxyType = 1;
			remoteGlobalIDString = C8E2DB9C1D1D76C00003384D;
			remoteInfo = "TaskList-iOS";
		};
/* End PBXContainerItemProxy section */

/* Begin PBXFileReference section */
		0144A3BA5943C2E4C923C136 /* Pods_TaskList_iOSTests.framework */ = {isa = PBXFileReference; explicitFileType = wrapper.framework; includeInIndex = 0; path = Pods_TaskList_iOSTests.framework; sourceTree = BUILT_PRODUCTS_DIR; };
		5C36B1E4BA5B0583ACDBD28B /* Pods-TaskList-iOSTests.dev.xcconfig */ = {isa = PBXFileReference; includeInIndex = 1; lastKnownFileType = text.xcconfig; name = "Pods-TaskList-iOSTests.dev.xcconfig"; path = "Pods/Target Support Files/Pods-TaskList-iOSTests/Pods-TaskList-iOSTests.dev.xcconfig"; sourceTree = "<group>"; };
		5CEEB2E64171C4C17EEDF1B8 /* Pods-TaskList-iOS.dev.xcconfig */ = {isa = PBXFileReference; includeInIndex = 1; lastKnownFileType = text.xcconfig; name = "Pods-TaskList-iOS.dev.xcconfig"; path = "Pods/Target Support Files/Pods-TaskList-iOS/Pods-TaskList-iOS.dev.xcconfig"; sourceTree = "<group>"; };
		65A27265AD821C906B7FF653 /* Pods-TaskList-iOS.debug.xcconfig */ = {isa = PBXFileReference; includeInIndex = 1; lastKnownFileType = text.xcconfig; name = "Pods-TaskList-iOS.debug.xcconfig"; path = "Pods/Target Support Files/Pods-TaskList-iOS/Pods-TaskList-iOS.debug.xcconfig"; sourceTree = "<group>"; };
		6CA6BCDC8A08195A440C33DD /* Pods-TaskList-iOSTests.debug.xcconfig */ = {isa = PBXFileReference; includeInIndex = 1; lastKnownFileType = text.xcconfig; name = "Pods-TaskList-iOSTests.debug.xcconfig"; path = "Pods/Target Support Files/Pods-TaskList-iOSTests/Pods-TaskList-iOSTests.debug.xcconfig"; sourceTree = "<group>"; };
		9C03C79D38337AC3A08D736C /* Pods-TaskList-iOSTests.release.xcconfig */ = {isa = PBXFileReference; includeInIndex = 1; lastKnownFileType = text.xcconfig; name = "Pods-TaskList-iOSTests.release.xcconfig"; path = "Pods/Target Support Files/Pods-TaskList-iOSTests/Pods-TaskList-iOSTests.release.xcconfig"; sourceTree = "<group>"; };
		BD340A2385952631954FFD62 /* Pods-TaskList-iOS.release.xcconfig */ = {isa = PBXFileReference; includeInIndex = 1; lastKnownFileType = text.xcconfig; name = "Pods-TaskList-iOS.release.xcconfig"; path = "Pods/Target Support Files/Pods-TaskList-iOS/Pods-TaskList-iOS.release.xcconfig"; sourceTree = "<group>"; };
		C8C510CD1D293FFA00533EEC /* AppConfiguration.swift */ = {isa = PBXFileReference; fileEncoding = 4; lastKnownFileType = sourcecode.swift; path = AppConfiguration.swift; sourceTree = "<group>"; };
		C8C510D31D294A7500533EEC /* TaskDetailViewController.swift */ = {isa = PBXFileReference; fileEncoding = 4; lastKnownFileType = sourcecode.swift; path = TaskDetailViewController.swift; sourceTree = "<group>"; };
		C8C510D51D294FD100533EEC /* CreateTask.swift */ = {isa = PBXFileReference; fileEncoding = 4; lastKnownFileType = sourcecode.swift; path = CreateTask.swift; sourceTree = "<group>"; };
		C8C510D71D29569C00533EEC /* CreateTaskService.swift */ = {isa = PBXFileReference; fileEncoding = 4; lastKnownFileType = sourcecode.swift; path = CreateTaskService.swift; sourceTree = "<group>"; };
		C8C510D91D2A9E2900533EEC /* CreateTaskAPIClient.swift */ = {isa = PBXFileReference; fileEncoding = 4; lastKnownFileType = sourcecode.swift; path = CreateTaskAPIClient.swift; sourceTree = "<group>"; };
		C8C510DB1D2A9F1D00533EEC /* APIClientError.swift */ = {isa = PBXFileReference; fileEncoding = 4; lastKnownFileType = sourcecode.swift; path = APIClientError.swift; sourceTree = "<group>"; };
		C8C510DD1D2AACCC00533EEC /* ApplicationError.swift */ = {isa = PBXFileReference; fileEncoding = 4; lastKnownFileType = sourcecode.swift; path = ApplicationError.swift; sourceTree = "<group>"; };
		C8C510DF1D2AB03300533EEC /* DateFormatter.swift */ = {isa = PBXFileReference; fileEncoding = 4; lastKnownFileType = sourcecode.swift; path = DateFormatter.swift; sourceTree = "<group>"; };
		C8C510E11D2BFF0E00533EEC /* CreateTaskAPIClientSpec.swift */ = {isa = PBXFileReference; fileEncoding = 4; lastKnownFileType = sourcecode.swift; path = CreateTaskAPIClientSpec.swift; sourceTree = "<group>"; };
		C8C510E31D30C01900533EEC /* CreateTaskSpec.swift */ = {isa = PBXFileReference; fileEncoding = 4; lastKnownFileType = sourcecode.swift; path = CreateTaskSpec.swift; sourceTree = "<group>"; };
		C8C510EB1D32371C00533EEC /* CompleteTaskService.swift */ = {isa = PBXFileReference; fileEncoding = 4; lastKnownFileType = sourcecode.swift; path = CompleteTaskService.swift; sourceTree = "<group>"; };
		C8C510ED1D323E4B00533EEC /* CompleteTaskAPIClient.swift */ = {isa = PBXFileReference; fileEncoding = 4; lastKnownFileType = sourcecode.swift; path = CompleteTaskAPIClient.swift; sourceTree = "<group>"; };
		C8C510EF1D32404500533EEC /* RestTemplate.swift */ = {isa = PBXFileReference; fileEncoding = 4; lastKnownFileType = sourcecode.swift; path = RestTemplate.swift; sourceTree = "<group>"; };
		C8C510F11D3249D900533EEC /* CompleteTaskAPIClientSpec.swift */ = {isa = PBXFileReference; fileEncoding = 4; lastKnownFileType = sourcecode.swift; path = CompleteTaskAPIClientSpec.swift; sourceTree = "<group>"; };
		C8C510F31D32608C00533EEC /* CompleteTaskSpec.swift */ = {isa = PBXFileReference; fileEncoding = 4; lastKnownFileType = sourcecode.swift; path = CompleteTaskSpec.swift; sourceTree = "<group>"; };
		C8E2DB9D1D1D76C00003384D /* TaskList-iOS.app */ = {isa = PBXFileReference; explicitFileType = wrapper.application; includeInIndex = 0; path = "TaskList-iOS.app"; sourceTree = BUILT_PRODUCTS_DIR; };
		C8E2DBA01D1D76C00003384D /* AppDelegate.swift */ = {isa = PBXFileReference; lastKnownFileType = sourcecode.swift; name = AppDelegate.swift; path = Classes/AppDelegate.swift; sourceTree = "<group>"; };
		C8E2DBA51D1D76C00003384D /* Base */ = {isa = PBXFileReference; lastKnownFileType = file.storyboard; name = Base; path = Base.lproj/Main.storyboard; sourceTree = "<group>"; };
		C8E2DBA71D1D76C00003384D /* Assets.xcassets */ = {isa = PBXFileReference; lastKnownFileType = folder.assetcatalog; path = Assets.xcassets; sourceTree = "<group>"; };
		C8E2DBAA1D1D76C00003384D /* Base */ = {isa = PBXFileReference; lastKnownFileType = file.storyboard; name = Base; path = Base.lproj/LaunchScreen.storyboard; sourceTree = "<group>"; };
		C8E2DBAC1D1D76C00003384D /* Info.plist */ = {isa = PBXFileReference; lastKnownFileType = text.plist.xml; path = Info.plist; sourceTree = "<group>"; };
		C8E2DBB11D1D76C00003384D /* TaskList-iOSTests.xctest */ = {isa = PBXFileReference; explicitFileType = wrapper.cfbundle; includeInIndex = 0; path = "TaskList-iOSTests.xctest"; sourceTree = BUILT_PRODUCTS_DIR; };
		C8E2DBB71D1D76C00003384D /* Info.plist */ = {isa = PBXFileReference; lastKnownFileType = text.plist.xml; path = Info.plist; sourceTree = "<group>"; };
		C8E2DBCF1D1D882B0003384D /* TaskListViewController.swift */ = {isa = PBXFileReference; fileEncoding = 4; lastKnownFileType = sourcecode.swift; path = TaskListViewController.swift; sourceTree = "<group>"; };
		C8E2DBD21D1D89470003384D /* FetchTaskListService.swift */ = {isa = PBXFileReference; fileEncoding = 4; lastKnownFileType = sourcecode.swift; lineEnding = 0; path = FetchTaskListService.swift; sourceTree = "<group>"; xcLanguageSpecificationIdentifier = xcode.lang.swift; };
		C8E2DBD51D1D89C50003384D /* Task.swift */ = {isa = PBXFileReference; fileEncoding = 4; lastKnownFileType = sourcecode.swift; path = Task.swift; sourceTree = "<group>"; };
		C8E2DBD81D1D937A0003384D /* FetchTaskListAPIClient.swift */ = {isa = PBXFileReference; fileEncoding = 4; lastKnownFileType = sourcecode.swift; lineEnding = 0; path = FetchTaskListAPIClient.swift; sourceTree = "<group>"; xcLanguageSpecificationIdentifier = xcode.lang.swift; };
		C8E2DBDB1D1E52F00003384D /* FetchTaskListSpec.swift */ = {isa = PBXFileReference; fileEncoding = 4; lastKnownFileType = sourcecode.swift; path = FetchTaskListSpec.swift; sourceTree = "<group>"; };
		C8E2DBDE1D1E743D0003384D /* FetchTaskListAPIClientSpec.swift */ = {isa = PBXFileReference; fileEncoding = 4; lastKnownFileType = sourcecode.swift; lineEnding = 0; path = FetchTaskListAPIClientSpec.swift; sourceTree = "<group>"; xcLanguageSpecificationIdentifier = xcode.lang.swift; };
		DE3ADB1F1BB301DA28F58E8F /* Pods_TaskList_iOSUITests.framework */ = {isa = PBXFileReference; explicitFileType = wrapper.framework; includeInIndex = 0; path = Pods_TaskList_iOSUITests.framework; sourceTree = BUILT_PRODUCTS_DIR; };
		F80E5B0E1FD684574D225914 /* Pods_TaskList_iOS.framework */ = {isa = PBXFileReference; explicitFileType = wrapper.framework; includeInIndex = 0; path = Pods_TaskList_iOS.framework; sourceTree = BUILT_PRODUCTS_DIR; };
/* End PBXFileReference section */

/* Begin PBXFrameworksBuildPhase section */
		C8E2DB9A1D1D76C00003384D /* Frameworks */ = {
			isa = PBXFrameworksBuildPhase;
			buildActionMask = 2147483647;
			files = (
				D5B7901715F41F2BE2F2E16C /* Pods_TaskList_iOS.framework in Frameworks */,
			);
			runOnlyForDeploymentPostprocessing = 0;
		};
		C8E2DBAE1D1D76C00003384D /* Frameworks */ = {
			isa = PBXFrameworksBuildPhase;
			buildActionMask = 2147483647;
			files = (
				55265219812128DDA9062038 /* Pods_TaskList_iOSTests.framework in Frameworks */,
			);
			runOnlyForDeploymentPostprocessing = 0;
		};
/* End PBXFrameworksBuildPhase section */

/* Begin PBXGroup section */
		50BCCD31C605D74F1E897F72 /* Frameworks */ = {
			isa = PBXGroup;
			children = (
				F80E5B0E1FD684574D225914 /* Pods_TaskList_iOS.framework */,
				0144A3BA5943C2E4C923C136 /* Pods_TaskList_iOSTests.framework */,
				DE3ADB1F1BB301DA28F58E8F /* Pods_TaskList_iOSUITests.framework */,
			);
			name = Frameworks;
			sourceTree = "<group>";
		};
		C8C510CF1D2947BB00533EEC /* Task */ = {
			isa = PBXGroup;
			children = (
				C8E2DBCF1D1D882B0003384D /* TaskListViewController.swift */,
				C8C510D31D294A7500533EEC /* TaskDetailViewController.swift */,
			);
			name = Task;
			sourceTree = "<group>";
		};
		C8C510D01D2947C400533EEC /* Task */ = {
			isa = PBXGroup;
			children = (
				C8E2DBD21D1D89470003384D /* FetchTaskListService.swift */,
				C8C510D71D29569C00533EEC /* CreateTaskService.swift */,
				C8C510EB1D32371C00533EEC /* CompleteTaskService.swift */,
			);
			name = Task;
			sourceTree = "<group>";
		};
		C8C510D11D2947CB00533EEC /* Task */ = {
			isa = PBXGroup;
			children = (
				C8E2DBD51D1D89C50003384D /* Task.swift */,
				C8C510D51D294FD100533EEC /* CreateTask.swift */,
			);
			name = Task;
			sourceTree = "<group>";
		};
		C8C510D21D2947D100533EEC /* Task */ = {
			isa = PBXGroup;
			children = (
				C8E2DBD81D1D937A0003384D /* FetchTaskListAPIClient.swift */,
				C8C510D91D2A9E2900533EEC /* CreateTaskAPIClient.swift */,
				C8C510ED1D323E4B00533EEC /* CompleteTaskAPIClient.swift */,
			);
			name = Task;
			sourceTree = "<group>";
		};
		C8C510E91D31379D00533EEC /* Task */ = {
			isa = PBXGroup;
			children = (
				C8E2DBDE1D1E743D0003384D /* FetchTaskListAPIClientSpec.swift */,
				C8C510E11D2BFF0E00533EEC /* CreateTaskAPIClientSpec.swift */,
				C8C510F11D3249D900533EEC /* CompleteTaskAPIClientSpec.swift */,
			);
			name = Task;
			sourceTree = "<group>";
		};
		C8C510EA1D3137A400533EEC /* Task */ = {
			isa = PBXGroup;
			children = (
				C8E2DBDB1D1E52F00003384D /* FetchTaskListSpec.swift */,
				C8C510E31D30C01900533EEC /* CreateTaskSpec.swift */,
				C8C510F31D32608C00533EEC /* CompleteTaskSpec.swift */,
			);
			name = Task;
			sourceTree = "<group>";
		};
		C8E2DB941D1D76C00003384D = {
			isa = PBXGroup;
			children = (
				C8E2DB9F1D1D76C00003384D /* TaskList-iOS */,
				C8E2DBB41D1D76C00003384D /* TaskList-iOSTests */,
				C8E2DB9E1D1D76C00003384D /* Products */,
				F380B07E2CBC75ED3B7A75BD /* Pods */,
				50BCCD31C605D74F1E897F72 /* Frameworks */,
			);
			sourceTree = "<group>";
		};
		C8E2DB9E1D1D76C00003384D /* Products */ = {
			isa = PBXGroup;
			children = (
				C8E2DB9D1D1D76C00003384D /* TaskList-iOS.app */,
				C8E2DBB11D1D76C00003384D /* TaskList-iOSTests.xctest */,
			);
			name = Products;
			sourceTree = "<group>";
		};
		C8E2DB9F1D1D76C00003384D /* TaskList-iOS */ = {
			isa = PBXGroup;
			children = (
				C8E2DBD71D1D931D0003384D /* Infrastructures */,
				C8E2DBD41D1D89AC0003384D /* Domains */,
				C8E2DBD11D1D88FE0003384D /* Services */,
				C8E2DBCE1D1D78520003384D /* Views */,
				C8E2DBA01D1D76C00003384D /* AppDelegate.swift */,
				C8E2DBA41D1D76C00003384D /* Main.storyboard */,
				C8E2DBA71D1D76C00003384D /* Assets.xcassets */,
				C8E2DBA91D1D76C00003384D /* LaunchScreen.storyboard */,
				C8E2DBAC1D1D76C00003384D /* Info.plist */,
			);
			path = "TaskList-iOS";
			sourceTree = "<group>";
		};
		C8E2DBB41D1D76C00003384D /* TaskList-iOSTests */ = {
			isa = PBXGroup;
			children = (
				C8E2DBDD1D1E74210003384D /* Infrastructures */,
				C8E2DBDA1D1E51C50003384D /* UseCases */,
				C8E2DBB71D1D76C00003384D /* Info.plist */,
			);
			path = "TaskList-iOSTests";
			sourceTree = "<group>";
		};
		C8E2DBCE1D1D78520003384D /* Views */ = {
			isa = PBXGroup;
			children = (
				C8C510CF1D2947BB00533EEC /* Task */,
			);
			name = Views;
			path = Classes;
			sourceTree = "<group>";
		};
		C8E2DBD11D1D88FE0003384D /* Services */ = {
			isa = PBXGroup;
			children = (
				C8C510D01D2947C400533EEC /* Task */,
				C8C510DD1D2AACCC00533EEC /* ApplicationError.swift */,
			);
			name = Services;
			path = Classes;
			sourceTree = "<group>";
		};
		C8E2DBD41D1D89AC0003384D /* Domains */ = {
			isa = PBXGroup;
			children = (
				C8C510D11D2947CB00533EEC /* Task */,
			);
			name = Domains;
			path = Classes;
			sourceTree = "<group>";
		};
		C8E2DBD71D1D931D0003384D /* Infrastructures */ = {
			isa = PBXGroup;
			children = (
				C8C510D21D2947D100533EEC /* Task */,
				C8C510CD1D293FFA00533EEC /* AppConfiguration.swift */,
				C8C510DB1D2A9F1D00533EEC /* APIClientError.swift */,
				C8C510DF1D2AB03300533EEC /* DateFormatter.swift */,
				C8C510EF1D32404500533EEC /* RestTemplate.swift */,
			);
			name = Infrastructures;
			path = Classes;
			sourceTree = "<group>";
		};
		C8E2DBDA1D1E51C50003384D /* UseCases */ = {
			isa = PBXGroup;
			children = (
				C8C510EA1D3137A400533EEC /* Task */,
			);
			name = UseCases;
			path = Classes;
			sourceTree = "<group>";
		};
		C8E2DBDD1D1E74210003384D /* Infrastructures */ = {
			isa = PBXGroup;
			children = (
				C8C510E91D31379D00533EEC /* Task */,
			);
			name = Infrastructures;
			path = Classes;
			sourceTree = "<group>";
		};
		F380B07E2CBC75ED3B7A75BD /* Pods */ = {
			isa = PBXGroup;
			children = (
				65A27265AD821C906B7FF653 /* Pods-TaskList-iOS.debug.xcconfig */,
				BD340A2385952631954FFD62 /* Pods-TaskList-iOS.release.xcconfig */,
				6CA6BCDC8A08195A440C33DD /* Pods-TaskList-iOSTests.debug.xcconfig */,
				9C03C79D38337AC3A08D736C /* Pods-TaskList-iOSTests.release.xcconfig */,
				5CEEB2E64171C4C17EEDF1B8 /* Pods-TaskList-iOS.dev.xcconfig */,
				5C36B1E4BA5B0583ACDBD28B /* Pods-TaskList-iOSTests.dev.xcconfig */,
			);
			name = Pods;
			sourceTree = "<group>";
		};
/* End PBXGroup section */

/* Begin PBXNativeTarget section */
		C8E2DB9C1D1D76C00003384D /* TaskList-iOS */ = {
			isa = PBXNativeTarget;
			buildConfigurationList = C8E2DBC51D1D76C00003384D /* Build configuration list for PBXNativeTarget "TaskList-iOS" */;
			buildPhases = (
				E0BDF9032F59CE6FE24673DB /* [CP] Check Pods Manifest.lock */,
				C8E2DB991D1D76C00003384D /* Sources */,
				C8E2DB9A1D1D76C00003384D /* Frameworks */,
				C8E2DB9B1D1D76C00003384D /* Resources */,
				CC4CA5FAF92AD10872EEDC0D /* [CP] Embed Pods Frameworks */,
				BA6B43CACDEA1283DD2F7E78 /* [CP] Copy Pods Resources */,
			);
			buildRules = (
			);
			dependencies = (
			);
			name = "TaskList-iOS";
			productName = "TaskList-iOS";
			productReference = C8E2DB9D1D1D76C00003384D /* TaskList-iOS.app */;
			productType = "com.apple.product-type.application";
		};
		C8E2DBB01D1D76C00003384D /* TaskList-iOSTests */ = {
			isa = PBXNativeTarget;
			buildConfigurationList = C8E2DBC81D1D76C00003384D /* Build configuration list for PBXNativeTarget "TaskList-iOSTests" */;
			buildPhases = (
				FBC9039F928063627101BB2C /* [CP] Check Pods Manifest.lock */,
				C8E2DBAD1D1D76C00003384D /* Sources */,
				C8E2DBAE1D1D76C00003384D /* Frameworks */,
				C8E2DBAF1D1D76C00003384D /* Resources */,
				7F9D23526E87A066F96C56BC /* [CP] Embed Pods Frameworks */,
				6CE9709C66033D6ECB094581 /* [CP] Copy Pods Resources */,
			);
			buildRules = (
			);
			dependencies = (
				C8E2DBB31D1D76C00003384D /* PBXTargetDependency */,
			);
			name = "TaskList-iOSTests";
			productName = "TaskList-iOSTests";
			productReference = C8E2DBB11D1D76C00003384D /* TaskList-iOSTests.xctest */;
			productType = "com.apple.product-type.bundle.unit-test";
		};
/* End PBXNativeTarget section */

/* Begin PBXProject section */
		C8E2DB951D1D76C00003384D /* Project object */ = {
			isa = PBXProject;
			attributes = {
				LastSwiftUpdateCheck = 0730;
				LastUpgradeCheck = 0730;
				ORGANIZATIONNAME = "KAKEGAWA Atsushi";
				TargetAttributes = {
					C8E2DB9C1D1D76C00003384D = {
						CreatedOnToolsVersion = 7.3.1;
					};
					C8E2DBB01D1D76C00003384D = {
						CreatedOnToolsVersion = 7.3.1;
						TestTargetID = C8E2DB9C1D1D76C00003384D;
					};
				};
			};
			buildConfigurationList = C8E2DB981D1D76C00003384D /* Build configuration list for PBXProject "TaskList-iOS" */;
			compatibilityVersion = "Xcode 3.2";
			developmentRegion = English;
			hasScannedForEncodings = 0;
			knownRegions = (
				en,
				Base,
			);
			mainGroup = C8E2DB941D1D76C00003384D;
			productRefGroup = C8E2DB9E1D1D76C00003384D /* Products */;
			projectDirPath = "";
			projectRoot = "";
			targets = (
				C8E2DB9C1D1D76C00003384D /* TaskList-iOS */,
				C8E2DBB01D1D76C00003384D /* TaskList-iOSTests */,
			);
		};
/* End PBXProject section */

/* Begin PBXResourcesBuildPhase section */
		C8E2DB9B1D1D76C00003384D /* Resources */ = {
			isa = PBXResourcesBuildPhase;
			buildActionMask = 2147483647;
			files = (
				C8E2DBAB1D1D76C00003384D /* LaunchScreen.storyboard in Resources */,
				C8E2DBA81D1D76C00003384D /* Assets.xcassets in Resources */,
				C8E2DBA61D1D76C00003384D /* Main.storyboard in Resources */,
			);
			runOnlyForDeploymentPostprocessing = 0;
		};
		C8E2DBAF1D1D76C00003384D /* Resources */ = {
			isa = PBXResourcesBuildPhase;
			buildActionMask = 2147483647;
			files = (
			);
			runOnlyForDeploymentPostprocessing = 0;
		};
/* End PBXResourcesBuildPhase section */

/* Begin PBXShellScriptBuildPhase section */
		6CE9709C66033D6ECB094581 /* [CP] Copy Pods Resources */ = {
			isa = PBXShellScriptBuildPhase;
			buildActionMask = 2147483647;
			files = (
			);
			inputPaths = (
			);
			name = "[CP] Copy Pods Resources";
			outputPaths = (
			);
			runOnlyForDeploymentPostprocessing = 0;
			shellPath = /bin/sh;
			shellScript = "\"${SRCROOT}/Pods/Target Support Files/Pods-TaskList-iOSTests/Pods-TaskList-iOSTests-resources.sh\"\n";
			showEnvVarsInLog = 0;
		};
		7F9D23526E87A066F96C56BC /* [CP] Embed Pods Frameworks */ = {
			isa = PBXShellScriptBuildPhase;
			buildActionMask = 2147483647;
			files = (
			);
			inputPaths = (
			);
			name = "[CP] Embed Pods Frameworks";
			outputPaths = (
			);
			runOnlyForDeploymentPostprocessing = 0;
			shellPath = /bin/sh;
			shellScript = "\"${SRCROOT}/Pods/Target Support Files/Pods-TaskList-iOSTests/Pods-TaskList-iOSTests-frameworks.sh\"\n";
			showEnvVarsInLog = 0;
		};
		BA6B43CACDEA1283DD2F7E78 /* [CP] Copy Pods Resources */ = {
			isa = PBXShellScriptBuildPhase;
			buildActionMask = 2147483647;
			files = (
			);
			inputPaths = (
			);
			name = "[CP] Copy Pods Resources";
			outputPaths = (
			);
			runOnlyForDeploymentPostprocessing = 0;
			shellPath = /bin/sh;
			shellScript = "\"${SRCROOT}/Pods/Target Support Files/Pods-TaskList-iOS/Pods-TaskList-iOS-resources.sh\"\n";
			showEnvVarsInLog = 0;
		};
		CC4CA5FAF92AD10872EEDC0D /* [CP] Embed Pods Frameworks */ = {
			isa = PBXShellScriptBuildPhase;
			buildActionMask = 2147483647;
			files = (
			);
			inputPaths = (
			);
			name = "[CP] Embed Pods Frameworks";
			outputPaths = (
			);
			runOnlyForDeploymentPostprocessing = 0;
			shellPath = /bin/sh;
			shellScript = "\"${SRCROOT}/Pods/Target Support Files/Pods-TaskList-iOS/Pods-TaskList-iOS-frameworks.sh\"\n";
			showEnvVarsInLog = 0;
		};
		E0BDF9032F59CE6FE24673DB /* [CP] Check Pods Manifest.lock */ = {
			isa = PBXShellScriptBuildPhase;
			buildActionMask = 2147483647;
			files = (
			);
			inputPaths = (
			);
			name = "[CP] Check Pods Manifest.lock";
			outputPaths = (
			);
			runOnlyForDeploymentPostprocessing = 0;
			shellPath = /bin/sh;
			shellScript = "diff \"${PODS_ROOT}/../Podfile.lock\" \"${PODS_ROOT}/Manifest.lock\" > /dev/null\nif [[ $? != 0 ]] ; then\n    cat << EOM\nerror: The sandbox is not in sync with the Podfile.lock. Run 'pod install' or update your CocoaPods installation.\nEOM\n    exit 1\nfi\n";
			showEnvVarsInLog = 0;
		};
		FBC9039F928063627101BB2C /* [CP] Check Pods Manifest.lock */ = {
			isa = PBXShellScriptBuildPhase;
			buildActionMask = 2147483647;
			files = (
			);
			inputPaths = (
			);
			name = "[CP] Check Pods Manifest.lock";
			outputPaths = (
			);
			runOnlyForDeploymentPostprocessing = 0;
			shellPath = /bin/sh;
			shellScript = "diff \"${PODS_ROOT}/../Podfile.lock\" \"${PODS_ROOT}/Manifest.lock\" > /dev/null\nif [[ $? != 0 ]] ; then\n    cat << EOM\nerror: The sandbox is not in sync with the Podfile.lock. Run 'pod install' or update your CocoaPods installation.\nEOM\n    exit 1\nfi\n";
			showEnvVarsInLog = 0;
		};
/* End PBXShellScriptBuildPhase section */

/* Begin PBXSourcesBuildPhase section */
		C8E2DB991D1D76C00003384D /* Sources */ = {
			isa = PBXSourcesBuildPhase;
			buildActionMask = 2147483647;
			files = (
				C8C510D41D294A7500533EEC /* TaskDetailViewController.swift in Sources */,
				C8C510CE1D293FFA00533EEC /* AppConfiguration.swift in Sources */,
				C8C510D61D294FD100533EEC /* CreateTask.swift in Sources */,
				C8E2DBD91D1D937A0003384D /* FetchTaskListAPIClient.swift in Sources */,
				C8C510D81D29569C00533EEC /* CreateTaskService.swift in Sources */,
				C8C510E01D2AB03300533EEC /* DateFormatter.swift in Sources */,
				C8E2DBD61D1D89C50003384D /* Task.swift in Sources */,
				C8C510F01D32404500533EEC /* RestTemplate.swift in Sources */,
				C8C510EC1D32371C00533EEC /* CompleteTaskService.swift in Sources */,
				C8C510EE1D323E4B00533EEC /* CompleteTaskAPIClient.swift in Sources */,
				C8E2DBA11D1D76C00003384D /* AppDelegate.swift in Sources */,
				C8E2DBD31D1D89470003384D /* FetchTaskListService.swift in Sources */,
				C8C510DA1D2A9E2900533EEC /* CreateTaskAPIClient.swift in Sources */,
				C8C510DC1D2A9F1D00533EEC /* APIClientError.swift in Sources */,
				C8E2DBD01D1D882B0003384D /* TaskListViewController.swift in Sources */,
				C8C510DE1D2AACCC00533EEC /* ApplicationError.swift in Sources */,
			);
			runOnlyForDeploymentPostprocessing = 0;
		};
		C8E2DBAD1D1D76C00003384D /* Sources */ = {
			isa = PBXSourcesBuildPhase;
			buildActionMask = 2147483647;
			files = (
				C8E2DBDF1D1E743D0003384D /* FetchTaskListAPIClientSpec.swift in Sources */,
				C8C510E41D30C01900533EEC /* CreateTaskSpec.swift in Sources */,
				C8C510F41D32608C00533EEC /* CompleteTaskSpec.swift in Sources */,
				C8E2DBDC1D1E52F00003384D /* FetchTaskListSpec.swift in Sources */,
				C8C510F21D3249D900533EEC /* CompleteTaskAPIClientSpec.swift in Sources */,
				C8C510E21D2BFF0E00533EEC /* CreateTaskAPIClientSpec.swift in Sources */,
			);
			runOnlyForDeploymentPostprocessing = 0;
		};
/* End PBXSourcesBuildPhase section */

/* Begin PBXTargetDependency section */
		C8E2DBB31D1D76C00003384D /* PBXTargetDependency */ = {
			isa = PBXTargetDependency;
			target = C8E2DB9C1D1D76C00003384D /* TaskList-iOS */;
			targetProxy = C8E2DBB21D1D76C00003384D /* PBXContainerItemProxy */;
		};
/* End PBXTargetDependency section */

/* Begin PBXVariantGroup section */
		C8E2DBA41D1D76C00003384D /* Main.storyboard */ = {
			isa = PBXVariantGroup;
			children = (
				C8E2DBA51D1D76C00003384D /* Base */,
			);
			name = Main.storyboard;
			sourceTree = "<group>";
		};
		C8E2DBA91D1D76C00003384D /* LaunchScreen.storyboard */ = {
			isa = PBXVariantGroup;
			children = (
				C8E2DBAA1D1D76C00003384D /* Base */,
			);
			name = LaunchScreen.storyboard;
			sourceTree = "<group>";
		};
/* End PBXVariantGroup section */

/* Begin XCBuildConfiguration section */
		C8C510CA1D293BDF00533EEC /* Dev */ = {
			isa = XCBuildConfiguration;
			buildSettings = {
				ALWAYS_SEARCH_USER_PATHS = NO;
				CLANG_ANALYZER_NONNULL = YES;
				CLANG_CXX_LANGUAGE_STANDARD = "gnu++0x";
				CLANG_CXX_LIBRARY = "libc++";
				CLANG_ENABLE_MODULES = YES;
				CLANG_ENABLE_OBJC_ARC = YES;
				CLANG_WARN_BOOL_CONVERSION = YES;
				CLANG_WARN_CONSTANT_CONVERSION = YES;
				CLANG_WARN_DIRECT_OBJC_ISA_USAGE = YES_ERROR;
				CLANG_WARN_EMPTY_BODY = YES;
				CLANG_WARN_ENUM_CONVERSION = YES;
				CLANG_WARN_INT_CONVERSION = YES;
				CLANG_WARN_OBJC_ROOT_CLASS = YES_ERROR;
				CLANG_WARN_UNREACHABLE_CODE = YES;
				CLANG_WARN__DUPLICATE_METHOD_MATCH = YES;
				"CODE_SIGN_IDENTITY[sdk=iphoneos*]" = "iPhone Developer";
				COPY_PHASE_STRIP = NO;
				DEBUG_INFORMATION_FORMAT = dwarf;
				ENABLE_STRICT_OBJC_MSGSEND = YES;
				ENABLE_TESTABILITY = YES;
				GCC_C_LANGUAGE_STANDARD = gnu99;
				GCC_DYNAMIC_NO_PIC = NO;
				GCC_NO_COMMON_BLOCKS = YES;
				GCC_OPTIMIZATION_LEVEL = 0;
				GCC_PREPROCESSOR_DEFINITIONS = (
					"DEBUG=1",
					"$(inherited)",
				);
				GCC_WARN_64_TO_32_BIT_CONVERSION = YES;
				GCC_WARN_ABOUT_RETURN_TYPE = YES_ERROR;
				GCC_WARN_UNDECLARED_SELECTOR = YES;
				GCC_WARN_UNINITIALIZED_AUTOS = YES_AGGRESSIVE;
				GCC_WARN_UNUSED_FUNCTION = YES;
				GCC_WARN_UNUSED_VARIABLE = YES;
				IPHONEOS_DEPLOYMENT_TARGET = 9.3;
				MTL_ENABLE_DEBUG_INFO = YES;
				ONLY_ACTIVE_ARCH = YES;
				SDKROOT = iphoneos;
				SWIFT_OPTIMIZATION_LEVEL = "-Onone";
				SWIFT_VERSION = 2.3;
			};
			name = Dev;
		};
		C8C510CB1D293BDF00533EEC /* Dev */ = {
			isa = XCBuildConfiguration;
			baseConfigurationReference = 5CEEB2E64171C4C17EEDF1B8 /* Pods-TaskList-iOS.dev.xcconfig */;
			buildSettings = {
				ASSETCATALOG_COMPILER_APPICON_NAME = AppIcon;
				INFOPLIST_FILE = "TaskList-iOS/Info.plist";
				LD_RUNPATH_SEARCH_PATHS = "$(inherited) @executable_path/Frameworks";
				PRODUCT_BUNDLE_IDENTIFIER = "io.github.xiongmaomaomao.TaskList-iOS";
				PRODUCT_NAME = "$(TARGET_NAME)";
				SWIFT_VERSION = 2.3;
				WEBAPI_BASE_URL = "http://tasklist-webapi-dev.ap-northeast-1.elasticbeanstalk.com";
			};
			name = Dev;
		};
		C8C510CC1D293BDF00533EEC /* Dev */ = {
			isa = XCBuildConfiguration;
			baseConfigurationReference = 5C36B1E4BA5B0583ACDBD28B /* Pods-TaskList-iOSTests.dev.xcconfig */;
			buildSettings = {
				BUNDLE_LOADER = "$(TEST_HOST)";
				INFOPLIST_FILE = "TaskList-iOSTests/Info.plist";
				LD_RUNPATH_SEARCH_PATHS = "$(inherited) @executable_path/Frameworks @loader_path/Frameworks";
				PRODUCT_BUNDLE_IDENTIFIER = "io.github.xiongmaomaomao.TaskList-iOSTests";
				PRODUCT_NAME = "$(TARGET_NAME)";
				SWIFT_VERSION = 2.3;
				TEST_HOST = "$(BUILT_PRODUCTS_DIR)/TaskList-iOS.app/TaskList-iOS";
			};
			name = Dev;
		};
		C8E2DBC31D1D76C00003384D /* Debug */ = {
			isa = XCBuildConfiguration;
			buildSettings = {
				ALWAYS_SEARCH_USER_PATHS = NO;
				CLANG_ANALYZER_NONNULL = YES;
				CLANG_CXX_LANGUAGE_STANDARD = "gnu++0x";
				CLANG_CXX_LIBRARY = "libc++";
				CLANG_ENABLE_MODULES = YES;
				CLANG_ENABLE_OBJC_ARC = YES;
				CLANG_WARN_BOOL_CONVERSION = YES;
				CLANG_WARN_CONSTANT_CONVERSION = YES;
				CLANG_WARN_DIRECT_OBJC_ISA_USAGE = YES_ERROR;
				CLANG_WARN_EMPTY_BODY = YES;
				CLANG_WARN_ENUM_CONVERSION = YES;
				CLANG_WARN_INT_CONVERSION = YES;
				CLANG_WARN_OBJC_ROOT_CLASS = YES_ERROR;
				CLANG_WARN_UNREACHABLE_CODE = YES;
				CLANG_WARN__DUPLICATE_METHOD_MATCH = YES;
				"CODE_SIGN_IDENTITY[sdk=iphoneos*]" = "iPhone Developer";
				COPY_PHASE_STRIP = NO;
				DEBUG_INFORMATION_FORMAT = dwarf;
				ENABLE_STRICT_OBJC_MSGSEND = YES;
				ENABLE_TESTABILITY = YES;
				GCC_C_LANGUAGE_STANDARD = gnu99;
				GCC_DYNAMIC_NO_PIC = NO;
				GCC_NO_COMMON_BLOCKS = YES;
				GCC_OPTIMIZATION_LEVEL = 0;
				GCC_PREPROCESSOR_DEFINITIONS = (
					"DEBUG=1",
					"$(inherited)",
				);
				GCC_WARN_64_TO_32_BIT_CONVERSION = YES;
				GCC_WARN_ABOUT_RETURN_TYPE = YES_ERROR;
				GCC_WARN_UNDECLARED_SELECTOR = YES;
				GCC_WARN_UNINITIALIZED_AUTOS = YES_AGGRESSIVE;
				GCC_WARN_UNUSED_FUNCTION = YES;
				GCC_WARN_UNUSED_VARIABLE = YES;
				IPHONEOS_DEPLOYMENT_TARGET = 9.3;
				MTL_ENABLE_DEBUG_INFO = YES;
				ONLY_ACTIVE_ARCH = YES;
				SDKROOT = iphoneos;
				SWIFT_OPTIMIZATION_LEVEL = "-Onone";
				SWIFT_VERSION = 2.3;
			};
			name = Debug;
		};
		C8E2DBC41D1D76C00003384D /* Release */ = {
			isa = XCBuildConfiguration;
			buildSettings = {
				ALWAYS_SEARCH_USER_PATHS = NO;
				CLANG_ANALYZER_NONNULL = YES;
				CLANG_CXX_LANGUAGE_STANDARD = "gnu++0x";
				CLANG_CXX_LIBRARY = "libc++";
				CLANG_ENABLE_MODULES = YES;
				CLANG_ENABLE_OBJC_ARC = YES;
				CLANG_WARN_BOOL_CONVERSION = YES;
				CLANG_WARN_CONSTANT_CONVERSION = YES;
				CLANG_WARN_DIRECT_OBJC_ISA_USAGE = YES_ERROR;
				CLANG_WARN_EMPTY_BODY = YES;
				CLANG_WARN_ENUM_CONVERSION = YES;
				CLANG_WARN_INT_CONVERSION = YES;
				CLANG_WARN_OBJC_ROOT_CLASS = YES_ERROR;
				CLANG_WARN_UNREACHABLE_CODE = YES;
				CLANG_WARN__DUPLICATE_METHOD_MATCH = YES;
				"CODE_SIGN_IDENTITY[sdk=iphoneos*]" = "iPhone Developer";
				COPY_PHASE_STRIP = NO;
				DEBUG_INFORMATION_FORMAT = "dwarf-with-dsym";
				ENABLE_NS_ASSERTIONS = NO;
				ENABLE_STRICT_OBJC_MSGSEND = YES;
				GCC_C_LANGUAGE_STANDARD = gnu99;
				GCC_NO_COMMON_BLOCKS = YES;
				GCC_WARN_64_TO_32_BIT_CONVERSION = YES;
				GCC_WARN_ABOUT_RETURN_TYPE = YES_ERROR;
				GCC_WARN_UNDECLARED_SELECTOR = YES;
				GCC_WARN_UNINITIALIZED_AUTOS = YES_AGGRESSIVE;
				GCC_WARN_UNUSED_FUNCTION = YES;
				GCC_WARN_UNUSED_VARIABLE = YES;
				IPHONEOS_DEPLOYMENT_TARGET = 9.3;
				MTL_ENABLE_DEBUG_INFO = NO;
				SDKROOT = iphoneos;
				SWIFT_VERSION = 2.3;
				VALIDATE_PRODUCT = YES;
			};
			name = Release;
		};
		C8E2DBC61D1D76C00003384D /* Debug */ = {
			isa = XCBuildConfiguration;
			baseConfigurationReference = 65A27265AD821C906B7FF653 /* Pods-TaskList-iOS.debug.xcconfig */;
			buildSettings = {
				ASSETCATALOG_COMPILER_APPICON_NAME = AppIcon;
				INFOPLIST_FILE = "TaskList-iOS/Info.plist";
				LD_RUNPATH_SEARCH_PATHS = "$(inherited) @executable_path/Frameworks";
				PRODUCT_BUNDLE_IDENTIFIER = "io.github.xiongmaomaomao.TaskList-iOS";
				PRODUCT_NAME = "$(TARGET_NAME)";
				SWIFT_VERSION = 2.3;
				WEBAPI_BASE_URL = "http://localhost:9000";
			};
			name = Debug;
		};
		C8E2DBC71D1D76C00003384D /* Release */ = {
			isa = XCBuildConfiguration;
			baseConfigurationReference = BD340A2385952631954FFD62 /* Pods-TaskList-iOS.release.xcconfig */;
			buildSettings = {
				ASSETCATALOG_COMPILER_APPICON_NAME = AppIcon;
				INFOPLIST_FILE = "TaskList-iOS/Info.plist";
				LD_RUNPATH_SEARCH_PATHS = "$(inherited) @executable_path/Frameworks";
				PRODUCT_BUNDLE_IDENTIFIER = "io.github.xiongmaomaomao.TaskList-iOS";
				PRODUCT_NAME = "$(TARGET_NAME)";
				SWIFT_VERSION = 2.3;
				WEBAPI_BASE_URL = "";
			};
			name = Release;
		};
		C8E2DBC91D1D76C00003384D /* Debug */ = {
			isa = XCBuildConfiguration;
			baseConfigurationReference = 6CA6BCDC8A08195A440C33DD /* Pods-TaskList-iOSTests.debug.xcconfig */;
			buildSettings = {
				BUNDLE_LOADER = "$(TEST_HOST)";
				INFOPLIST_FILE = "TaskList-iOSTests/Info.plist";
				LD_RUNPATH_SEARCH_PATHS = "$(inherited) @executable_path/Frameworks @loader_path/Frameworks";
				PRODUCT_BUNDLE_IDENTIFIER = "io.github.xiongmaomaomao.TaskList-iOSTests";
				PRODUCT_NAME = "$(TARGET_NAME)";
				SWIFT_VERSION = 2.3;
				TEST_HOST = "$(BUILT_PRODUCTS_DIR)/TaskList-iOS.app/TaskList-iOS";
			};
			name = Debug;
		};
		C8E2DBCA1D1D76C00003384D /* Release */ = {
			isa = XCBuildConfiguration;
			baseConfigurationReference = 9C03C79D38337AC3A08D736C /* Pods-TaskList-iOSTests.release.xcconfig */;
			buildSettings = {
				BUNDLE_LOADER = "$(TEST_HOST)";
				INFOPLIST_FILE = "TaskList-iOSTests/Info.plist";
				LD_RUNPATH_SEARCH_PATHS = "$(inherited) @executable_path/Frameworks @loader_path/Frameworks";
				PRODUCT_BUNDLE_IDENTIFIER = "io.github.xiongmaomaomao.TaskList-iOSTests";
				PRODUCT_NAME = "$(TARGET_NAME)";
				SWIFT_VERSION = 2.3;
				TEST_HOST = "$(BUILT_PRODUCTS_DIR)/TaskList-iOS.app/TaskList-iOS";
			};
			name = Release;
		};
/* End XCBuildConfiguration section */

/* Begin XCConfigurationList section */
		C8E2DB981D1D76C00003384D /* Build configuration list for PBXProject "TaskList-iOS" */ = {
			isa = XCConfigurationList;
			buildConfigurations = (
				C8E2DBC31D1D76C00003384D /* Debug */,
				C8C510CA1D293BDF00533EEC /* Dev */,
				C8E2DBC41D1D76C00003384D /* Release */,
			);
			defaultConfigurationIsVisible = 0;
			defaultConfigurationName = Release;
		};
		C8E2DBC51D1D76C00003384D /* Build configuration list for PBXNativeTarget "TaskList-iOS" */ = {
			isa = XCConfigurationList;
			buildConfigurations = (
				C8E2DBC61D1D76C00003384D /* Debug */,
				C8C510CB1D293BDF00533EEC /* Dev */,
				C8E2DBC71D1D76C00003384D /* Release */,
			);
			defaultConfigurationIsVisible = 0;
			defaultConfigurationName = Release;
		};
		C8E2DBC81D1D76C00003384D /* Build configuration list for PBXNativeTarget "TaskList-iOSTests" */ = {
			isa = XCConfigurationList;
			buildConfigurations = (
				C8E2DBC91D1D76C00003384D /* Debug */,
				C8C510CC1D293BDF00533EEC /* Dev */,
				C8E2DBCA1D1D76C00003384D /* Release */,
			);
			defaultConfigurationIsVisible = 0;
			defaultConfigurationName = Release;
		};
/* End XCConfigurationList section */
	};
	rootObject = C8E2DB951D1D76C00003384D /* Project object */;
}
